
Microsoft Visual Studio Solution File, Format Version 12.00
# Visual Studio Version 16
VisualStudioVersion = 16.0.29728.190
MinimumVisualStudioVersion = 10.0.40219.1
Project("{FAE04EC0-301F-11D3-BF4B-00C04F79EFBC}") = "Hoofdstuk7", "Hoofdstuk7.csproj", "{6E7A8BBF-9CD2-4E74-A338-D204A5C197BF}"
EndProject
Global
	GlobalSection(SolutionConfigurationPlatforms) = preSolution
		Debug|Any CPU = Debug|Any CPU
		Release|Any CPU = Release|Any CPU
	EndGlobalSection
	GlobalSection(ProjectConfigurationPlatforms) = postSolution
		{6E7A8BBF-9CD2-4E74-A338-D204A5C197BF}.Debug|Any CPU.ActiveCfg = Debug|Any CPU
		{6E7A8BBF-9CD2-4E74-A338-D204A5C197BF}.Debug|Any CPU.Build.0 = Debug|Any CPU
		{6E7A8BBF-9CD2-4E74-A338-D204A5C197BF}.Release|Any CPU.ActiveCfg = Release|Any CPU
		{6E7A8BBF-9CD2-4E74-A338-D204A5C197BF}.Release|Any CPU.Build.0 = Release|Any CPU
	EndGlobalSection
	GlobalSection(SolutionProperties) = preSolution
		HideSolutionNode = FALSE
	EndGlobalSection
	GlobalSection(ExtensibilityGlobals) = postSolution
		SolutionGuid = {0F394FA1-F1F0-4C0F-B9A6-269417ECC291}
	EndGlobalSection
EndGlobal
