
Microsoft Visual Studio Solution File, Format Version 12.00
# Visual Studio Version 16
VisualStudioVersion = 16.0.30907.101
MinimumVisualStudioVersion = 10.0.40219.1
Project("{FAE04EC0-301F-11D3-BF4B-00C04F79EFBC}") = "H3_1_DatumTijd", "H3_1_DatumTijd.csproj", "{5BDC01A2-3B61-4292-914D-B9EF752C36B7}"
EndProject
Global
	GlobalSection(SolutionConfigurationPlatforms) = preSolution
		Debug|Any CPU = Debug|Any CPU
		Release|Any CPU = Release|Any CPU
	EndGlobalSection
	GlobalSection(ProjectConfigurationPlatforms) = postSolution
		{5BDC01A2-3B61-4292-914D-B9EF752C36B7}.Debug|Any CPU.ActiveCfg = Debug|Any CPU
		{5BDC01A2-3B61-4292-914D-B9EF752C36B7}.Debug|Any CPU.Build.0 = Debug|Any CPU
		{5BDC01A2-3B61-4292-914D-B9EF752C36B7}.Release|Any CPU.ActiveCfg = Release|Any CPU
		{5BDC01A2-3B61-4292-914D-B9EF752C36B7}.Release|Any CPU.Build.0 = Release|Any CPU
	EndGlobalSection
	GlobalSection(SolutionProperties) = preSolution
		HideSolutionNode = FALSE
	EndGlobalSection
	GlobalSection(ExtensibilityGlobals) = postSolution
		SolutionGuid = {DF92A199-05F3-45F5-8D43-171C6111C3A5}
	EndGlobalSection
EndGlobal
